
Microsoft Visual Studio Solution File, Format Version 12.00
# Visual Studio Version 16
VisualStudioVersion = 16.0.810.6
MinimumVisualStudioVersion = 10.0.40219.1
Project("{FAE04EC0-301F-11D3-BF4B-00C04F79EFBC}") = "Yummy", "Yummy\Yummy.csproj", "{5DEF00BA-8BD3-41AE-98DC-8F76BD1E1EDE}"
EndProject
Global
	GlobalSection(SolutionConfigurationPlatforms) = preSolution
		Debug|Any CPU = Debug|Any CPU
		Release|Any CPU = Release|Any CPU
	EndGlobalSection
	GlobalSection(ProjectConfigurationPlatforms) = postSolution
		{5DEF00BA-8BD3-41AE-98DC-8F76BD1E1EDE}.Debug|Any CPU.ActiveCfg = Debug|Any CPU
		{5DEF00BA-8BD3-41AE-98DC-8F76BD1E1EDE}.Debug|Any CPU.Build.0 = Debug|Any CPU
		{5DEF00BA-8BD3-41AE-98DC-8F76BD1E1EDE}.Release|Any CPU.ActiveCfg = Release|Any CPU
		{5DEF00BA-8BD3-41AE-98DC-8F76BD1E1EDE}.Release|Any CPU.Build.0 = Release|Any CPU
	EndGlobalSection
	GlobalSection(SolutionProperties) = preSolution
		HideSolutionNode = FALSE
	EndGlobalSection
	GlobalSection(ExtensibilityGlobals) = postSolution
		SolutionGuid = {90145D3E-BC37-4965-B5AE-1D8EBE91FC97}
	EndGlobalSection
EndGlobal
